
Microsoft Visual Studio Solution File, Format Version 12.00
# Visual Studio Version 16
VisualStudioVersion = 16.0.30717.126
MinimumVisualStudioVersion = 10.0.40219.1
Project("{2150E333-8FDC-42A3-9474-1A3956D46DE8}") = "src", "src", "{BFAA8EA8-AF70-45EB-B355-D35C8F6125CE}"
EndProject
Project("{2150E333-8FDC-42A3-9474-1A3956D46DE8}") = "test", "test", "{F332BEA0-2F81-4A42-B8F2-BBD2FBF9A25D}"
EndProject
Project("{2150E333-8FDC-42A3-9474-1A3956D46DE8}") = "Application", "Application", "{B9181CA0-00AC-43DA-9580-A6ED90BF0F1F}"
EndProject
Project("{9A19103F-16F7-4668-BE54-9A1E7A4F7556}") = "AuthoritySystem.WebApi", "AuthoritySystem.WebApi\AuthoritySystem.WebApi.csproj", "{E4B13E07-A648-462E-ACF3-F517548EAE54}"
EndProject
Project("{2150E333-8FDC-42A3-9474-1A3956D46DE8}") = "DomainLayer", "DomainLayer", "{A9A7C114-2E47-4A62-89D0-B261AB7AE0EB}"
EndProject
Project("{9A19103F-16F7-4668-BE54-9A1E7A4F7556}") = "AuthoritySystem.Model", "AuthoritySystem.Model\AuthoritySystem.Model.csproj", "{BCC3E435-B527-4552-B32D-044F78C807E6}"
EndProject
Project("{2150E333-8FDC-42A3-9474-1A3956D46DE8}") = "RepositoryLayer", "RepositoryLayer", "{B254189E-934E-4340-B116-CE2BA7231215}"
EndProject
Project("{9A19103F-16F7-4668-BE54-9A1E7A4F7556}") = "AuthoritySystem.IRepository", "AuthoritySystem.IRepository\AuthoritySystem.IRepository.csproj", "{6C7ED5F0-00C3-43DA-8551-C3D09D3A89A6}"
EndProject
Project("{9A19103F-16F7-4668-BE54-9A1E7A4F7556}") = "AuthoritySystem.Repository", "AuthoritySystem.Repository\AuthoritySystem.Repository.csproj", "{D86FB350-5309-44D3-9BA6-D93A61309163}"
EndProject
Project("{2150E333-8FDC-42A3-9474-1A3956D46DE8}") = "BusinessLayer", "BusinessLayer", "{7EABEFE3-929F-4B61-B04F-8632C239FCE5}"
EndProject
Project("{9A19103F-16F7-4668-BE54-9A1E7A4F7556}") = "AuthoritySystem.IService", "AuthoritySystem.IService\AuthoritySystem.IService.csproj", "{F5F48A34-82C6-478E-A892-93ED2E5FAA3B}"
EndProject
Project("{9A19103F-16F7-4668-BE54-9A1E7A4F7556}") = "AuthoritySystem.Service", "AuthoritySystem.Service\AuthoritySystem.Service.csproj", "{483F46EE-1735-44CB-84AA-E0B9C01E165D}"
EndProject
Project("{2150E333-8FDC-42A3-9474-1A3956D46DE8}") = "DataAccessLayer", "DataAccessLayer", "{1B9D415F-8B9A-4B03-9157-ED15E969D1FF}"
EndProject
Project("{9A19103F-16F7-4668-BE54-9A1E7A4F7556}") = "AuthoritySystem.EFCore", "AuthoritySystem.EFCore\AuthoritySystem.EFCore.csproj", "{9F8B235D-11C8-4978-BEDD-52FF82066DB2}"
EndProject
Project("{2150E333-8FDC-42A3-9474-1A3956D46DE8}") = "FrameworkLayer", "FrameworkLayer", "{98F0FE34-7206-41E1-993E-CB19C8052672}"
EndProject
Project("{9A19103F-16F7-4668-BE54-9A1E7A4F7556}") = "AuthoritySystem.Framework", "AuthoritySystem.Framework\AuthoritySystem.Framework.csproj", "{C8F52FD4-2EAD-4267-A34F-4C3F92ED6F6E}"
EndProject
Project("{9A19103F-16F7-4668-BE54-9A1E7A4F7556}") = "AuthoritySystem.Test", "AuthoritySystem.Test\AuthoritySystem.Test.csproj", "{2E8B453E-837D-4529-BABB-7486E3F053B1}"
EndProject
Global
	GlobalSection(SolutionConfigurationPlatforms) = preSolution
		Debug|Any CPU = Debug|Any CPU
		Release|Any CPU = Release|Any CPU
	EndGlobalSection
	GlobalSection(ProjectConfigurationPlatforms) = postSolution
		{E4B13E07-A648-462E-ACF3-F517548EAE54}.Debug|Any CPU.ActiveCfg = Debug|Any CPU
		{E4B13E07-A648-462E-ACF3-F517548EAE54}.Debug|Any CPU.Build.0 = Debug|Any CPU
		{E4B13E07-A648-462E-ACF3-F517548EAE54}.Release|Any CPU.ActiveCfg = Release|Any CPU
		{E4B13E07-A648-462E-ACF3-F517548EAE54}.Release|Any CPU.Build.0 = Release|Any CPU
		{BCC3E435-B527-4552-B32D-044F78C807E6}.Debug|Any CPU.ActiveCfg = Debug|Any CPU
		{BCC3E435-B527-4552-B32D-044F78C807E6}.Debug|Any CPU.Build.0 = Debug|Any CPU
		{BCC3E435-B527-4552-B32D-044F78C807E6}.Release|Any CPU.ActiveCfg = Release|Any CPU
		{BCC3E435-B527-4552-B32D-044F78C807E6}.Release|Any CPU.Build.0 = Release|Any CPU
		{6C7ED5F0-00C3-43DA-8551-C3D09D3A89A6}.Debug|Any CPU.ActiveCfg = Debug|Any CPU
		{6C7ED5F0-00C3-43DA-8551-C3D09D3A89A6}.Debug|Any CPU.Build.0 = Debug|Any CPU
		{6C7ED5F0-00C3-43DA-8551-C3D09D3A89A6}.Release|Any CPU.ActiveCfg = Release|Any CPU
		{6C7ED5F0-00C3-43DA-8551-C3D09D3A89A6}.Release|Any CPU.Build.0 = Release|Any CPU
		{D86FB350-5309-44D3-9BA6-D93A61309163}.Debug|Any CPU.ActiveCfg = Debug|Any CPU
		{D86FB350-5309-44D3-9BA6-D93A61309163}.Debug|Any CPU.Build.0 = Debug|Any CPU
		{D86FB350-5309-44D3-9BA6-D93A61309163}.Release|Any CPU.ActiveCfg = Release|Any CPU
		{D86FB350-5309-44D3-9BA6-D93A61309163}.Release|Any CPU.Build.0 = Release|Any CPU
		{F5F48A34-82C6-478E-A892-93ED2E5FAA3B}.Debug|Any CPU.ActiveCfg = Debug|Any CPU
		{F5F48A34-82C6-478E-A892-93ED2E5FAA3B}.Debug|Any CPU.Build.0 = Debug|Any CPU
		{F5F48A34-82C6-478E-A892-93ED2E5FAA3B}.Release|Any CPU.ActiveCfg = Release|Any CPU
		{F5F48A34-82C6-478E-A892-93ED2E5FAA3B}.Release|Any CPU.Build.0 = Release|Any CPU
		{483F46EE-1735-44CB-84AA-E0B9C01E165D}.Debug|Any CPU.ActiveCfg = Debug|Any CPU
		{483F46EE-1735-44CB-84AA-E0B9C01E165D}.Debug|Any CPU.Build.0 = Debug|Any CPU
		{483F46EE-1735-44CB-84AA-E0B9C01E165D}.Release|Any CPU.ActiveCfg = Release|Any CPU
		{483F46EE-1735-44CB-84AA-E0B9C01E165D}.Release|Any CPU.Build.0 = Release|Any CPU
		{9F8B235D-11C8-4978-BEDD-52FF82066DB2}.Debug|Any CPU.ActiveCfg = Debug|Any CPU
		{9F8B235D-11C8-4978-BEDD-52FF82066DB2}.Debug|Any CPU.Build.0 = Debug|Any CPU
		{9F8B235D-11C8-4978-BEDD-52FF82066DB2}.Release|Any CPU.ActiveCfg = Release|Any CPU
		{9F8B235D-11C8-4978-BEDD-52FF82066DB2}.Release|Any CPU.Build.0 = Release|Any CPU
		{C8F52FD4-2EAD-4267-A34F-4C3F92ED6F6E}.Debug|Any CPU.ActiveCfg = Debug|Any CPU
		{C8F52FD4-2EAD-4267-A34F-4C3F92ED6F6E}.Debug|Any CPU.Build.0 = Debug|Any CPU
		{C8F52FD4-2EAD-4267-A34F-4C3F92ED6F6E}.Release|Any CPU.ActiveCfg = Release|Any CPU
		{C8F52FD4-2EAD-4267-A34F-4C3F92ED6F6E}.Release|Any CPU.Build.0 = Release|Any CPU
		{2E8B453E-837D-4529-BABB-7486E3F053B1}.Debug|Any CPU.ActiveCfg = Debug|Any CPU
		{2E8B453E-837D-4529-BABB-7486E3F053B1}.Debug|Any CPU.Build.0 = Debug|Any CPU
		{2E8B453E-837D-4529-BABB-7486E3F053B1}.Release|Any CPU.ActiveCfg = Release|Any CPU
		{2E8B453E-837D-4529-BABB-7486E3F053B1}.Release|Any CPU.Build.0 = Release|Any CPU
	EndGlobalSection
	GlobalSection(SolutionProperties) = preSolution
		HideSolutionNode = FALSE
	EndGlobalSection
	GlobalSection(NestedProjects) = preSolution
		{B9181CA0-00AC-43DA-9580-A6ED90BF0F1F} = {BFAA8EA8-AF70-45EB-B355-D35C8F6125CE}
		{E4B13E07-A648-462E-ACF3-F517548EAE54} = {B9181CA0-00AC-43DA-9580-A6ED90BF0F1F}
		{A9A7C114-2E47-4A62-89D0-B261AB7AE0EB} = {BFAA8EA8-AF70-45EB-B355-D35C8F6125CE}
		{BCC3E435-B527-4552-B32D-044F78C807E6} = {A9A7C114-2E47-4A62-89D0-B261AB7AE0EB}
		{B254189E-934E-4340-B116-CE2BA7231215} = {BFAA8EA8-AF70-45EB-B355-D35C8F6125CE}
		{6C7ED5F0-00C3-43DA-8551-C3D09D3A89A6} = {B254189E-934E-4340-B116-CE2BA7231215}
		{D86FB350-5309-44D3-9BA6-D93A61309163} = {B254189E-934E-4340-B116-CE2BA7231215}
		{7EABEFE3-929F-4B61-B04F-8632C239FCE5} = {BFAA8EA8-AF70-45EB-B355-D35C8F6125CE}
		{F5F48A34-82C6-478E-A892-93ED2E5FAA3B} = {7EABEFE3-929F-4B61-B04F-8632C239FCE5}
		{483F46EE-1735-44CB-84AA-E0B9C01E165D} = {7EABEFE3-929F-4B61-B04F-8632C239FCE5}
		{1B9D415F-8B9A-4B03-9157-ED15E969D1FF} = {BFAA8EA8-AF70-45EB-B355-D35C8F6125CE}
		{9F8B235D-11C8-4978-BEDD-52FF82066DB2} = {1B9D415F-8B9A-4B03-9157-ED15E969D1FF}
		{98F0FE34-7206-41E1-993E-CB19C8052672} = {BFAA8EA8-AF70-45EB-B355-D35C8F6125CE}
		{C8F52FD4-2EAD-4267-A34F-4C3F92ED6F6E} = {98F0FE34-7206-41E1-993E-CB19C8052672}
		{2E8B453E-837D-4529-BABB-7486E3F053B1} = {F332BEA0-2F81-4A42-B8F2-BBD2FBF9A25D}
	EndGlobalSection
	GlobalSection(ExtensibilityGlobals) = postSolution
		SolutionGuid = {77010DDB-DA1A-4F5C-A461-A5201B1EB8E8}
	EndGlobalSection
EndGlobal
